
Microsoft Visual Studio Solution File, Format Version 12.00
# Visual Studio Version 16
VisualStudioVersion = 16.0.30204.135
MinimumVisualStudioVersion = 10.0.40219.1
Project("{9A19103F-16F7-4668-BE54-9A1E7A4F7556}") = "AppWPF", "AppWPF\AppWPF.csproj", "{5C87DAB0-6B46-406B-AF70-E375551E03C2}"
EndProject
Project("{9A19103F-16F7-4668-BE54-9A1E7A4F7556}") = "Tests", "Tests\Tests.csproj", "{8820527B-F434-45D8-9290-9ADB0E2E181E}"
EndProject
Project("{9A19103F-16F7-4668-BE54-9A1E7A4F7556}") = "Core", "Core\Core.csproj", "{114B39BA-7AD6-4668-8954-95216ADB2DAB}"
EndProject
Global
	GlobalSection(SolutionConfigurationPlatforms) = preSolution
		Debug|Any CPU = Debug|Any CPU
		Release|Any CPU = Release|Any CPU
	EndGlobalSection
	GlobalSection(ProjectConfigurationPlatforms) = postSolution
		{5C87DAB0-6B46-406B-AF70-E375551E03C2}.Debug|Any CPU.ActiveCfg = Debug|Any CPU
		{5C87DAB0-6B46-406B-AF70-E375551E03C2}.Debug|Any CPU.Build.0 = Debug|Any CPU
		{5C87DAB0-6B46-406B-AF70-E375551E03C2}.Release|Any CPU.ActiveCfg = Release|Any CPU
		{5C87DAB0-6B46-406B-AF70-E375551E03C2}.Release|Any CPU.Build.0 = Release|Any CPU
		{8820527B-F434-45D8-9290-9ADB0E2E181E}.Debug|Any CPU.ActiveCfg = Debug|Any CPU
		{8820527B-F434-45D8-9290-9ADB0E2E181E}.Debug|Any CPU.Build.0 = Debug|Any CPU
		{8820527B-F434-45D8-9290-9ADB0E2E181E}.Release|Any CPU.ActiveCfg = Release|Any CPU
		{8820527B-F434-45D8-9290-9ADB0E2E181E}.Release|Any CPU.Build.0 = Release|Any CPU
		{114B39BA-7AD6-4668-8954-95216ADB2DAB}.Debug|Any CPU.ActiveCfg = Debug|Any CPU
		{114B39BA-7AD6-4668-8954-95216ADB2DAB}.Debug|Any CPU.Build.0 = Debug|Any CPU
		{114B39BA-7AD6-4668-8954-95216ADB2DAB}.Release|Any CPU.ActiveCfg = Release|Any CPU
		{114B39BA-7AD6-4668-8954-95216ADB2DAB}.Release|Any CPU.Build.0 = Release|Any CPU
	EndGlobalSection
	GlobalSection(SolutionProperties) = preSolution
		HideSolutionNode = FALSE
	EndGlobalSection
	GlobalSection(ExtensibilityGlobals) = postSolution
		SolutionGuid = {5D5F5206-D9A4-4C2B-B01B-AEFDACAF058B}
	EndGlobalSection
EndGlobal
